// !$*UTF8*$!
{
	archiveVersion = 1;
	classes = {
	};
	objectVersion = 56;
	objects = {

/* Begin PBXBuildFile section */
		6A1B01012C00100100F10001 /* LabBuddyApp.swift in Sources */ = {isa = PBXBuildFile; fileRef = 6A1B00012C00100100F10001 /* LabBuddyApp.swift */; };
		6A1B01022C00100100F10001 /* ContentView.swift in Sources */ = {isa = PBXBuildFile; fileRef = 6A1B00022C00100100F10001 /* ContentView.swift */; };
		0F7B0D7E109941AFB0F4FF6A /* ProtocolLibraryView.swift in Sources */ = {isa = PBXBuildFile; fileRef = C0211A4C59EC43409D8A49F7 /* ProtocolLibraryView.swift */; };
		BD6975F2C2AC416BB6B8AB14 /* CalculatorToolkitView.swift in Sources */ = {isa = PBXBuildFile; fileRef = 01057C50522F4E4CA0CA7A84 /* CalculatorToolkitView.swift */; };
		8E689A33B58F4E7CA0A824A5 /* MyWorkspaceView.swift in Sources */ = {isa = PBXBuildFile; fileRef = 293A9279F0E94CB492BF0ED1 /* MyWorkspaceView.swift */; };
		BD7006106FD14C458414A758 /* DataCardSheet.swift in Sources */ = {isa = PBXBuildFile; fileRef = 7179305919074B4F8C096B67 /* DataCardSheet.swift */; };
		6A1B01032C00100100F10001 /* Models.swift in Sources */ = {isa = PBXBuildFile; fileRef = 6A1B00032C00100100F10001 /* Models.swift */; };
		6A1B01042C00100100F10001 /* SampleData.swift in Sources */ = {isa = PBXBuildFile; fileRef = 6A1B00042C00100100F10001 /* SampleData.swift */; };
		6A1B01052C00100100F10001 /* Assets.xcassets in Resources */ = {isa = PBXBuildFile; fileRef = 6A1B00052C00100100F10001 /* Assets.xcassets */; };
/* End PBXBuildFile section */

/* Begin PBXFileReference section */
		6A1B00012C00100100F10001 /* LabBuddyApp.swift */ = {isa = PBXFileReference; lastKnownFileType = sourcecode.swift; path = LabBuddyApp.swift; sourceTree = "<group>"; };
		6A1B00022C00100100F10001 /* ContentView.swift */ = {isa = PBXFileReference; lastKnownFileType = sourcecode.swift; path = ContentView.swift; sourceTree = "<group>"; };
		C0211A4C59EC43409D8A49F7 /* ProtocolLibraryView.swift */ = {isa = PBXFileReference; lastKnownFileType = sourcecode.swift; path = ProtocolLibraryView.swift; sourceTree = "<group>"; };
		01057C50522F4E4CA0CA7A84 /* CalculatorToolkitView.swift */ = {isa = PBXFileReference; lastKnownFileType = sourcecode.swift; path = CalculatorToolkitView.swift; sourceTree = "<group>"; };
		293A9279F0E94CB492BF0ED1 /* MyWorkspaceView.swift */ = {isa = PBXFileReference; lastKnownFileType = sourcecode.swift; path = MyWorkspaceView.swift; sourceTree = "<group>"; };
		7179305919074B4F8C096B67 /* DataCardSheet.swift */ = {isa = PBXFileReference; lastKnownFileType = sourcecode.swift; path = DataCardSheet.swift; sourceTree = "<group>"; };
		6A1B00032C00100100F10001 /* Models.swift */ = {isa = PBXFileReference; lastKnownFileType = sourcecode.swift; path = Models.swift; sourceTree = "<group>"; };
		6A1B00042C00100100F10001 /* SampleData.swift */ = {isa = PBXFileReference; lastKnownFileType = sourcecode.swift; path = SampleData.swift; sourceTree = "<group>"; };
		6A1B00052C00100100F10001 /* Assets.xcassets */ = {isa = PBXFileReference; lastKnownFileType = folder.assetcatalog; path = Assets.xcassets; sourceTree = "<group>"; };
		6A1B00062C00100100F10001 /* Preview Content */ = {isa = PBXFileReference; lastKnownFileType = folder; path = "Preview Content"; sourceTree = "<group>"; };
		6A1B00072C00100100F10001 /* LabBuddy.app */ = {isa = PBXFileReference; explicitFileType = wrapper.application; includeInIndex = 0; path = LabBuddy.app; sourceTree = BUILT_PRODUCTS_DIR; };
/* End PBXFileReference section */

/* Begin PBXFrameworksBuildPhase section */
		6A1B02012C00100100F10001 /* Frameworks */ = {
			isa = PBXFrameworksBuildPhase;
			buildActionMask = 2147483647;
			files = (
			);
			runOnlyForDeploymentPostprocessing = 0;
		};
/* End PBXFrameworksBuildPhase section */

/* Begin PBXGroup section */
		6A1B03012C00100100F10001 = {
			isa = PBXGroup;
			children = (
				6A1B03022C00100100F10001 /* LabBuddy */,
				6A1B03032C00100100F10001 /* Products */,
			);
			sourceTree = "<group>";
		};
		6A1B03022C00100100F10001 /* LabBuddy */ = {
			isa = PBXGroup;
			children = (
				6A1B00012C00100100F10001 /* LabBuddyApp.swift */,
				6A1B00022C00100100F10001 /* ContentView.swift */,
				C0211A4C59EC43409D8A49F7 /* ProtocolLibraryView.swift */,
				01057C50522F4E4CA0CA7A84 /* CalculatorToolkitView.swift */,
				293A9279F0E94CB492BF0ED1 /* MyWorkspaceView.swift */,
				7179305919074B4F8C096B67 /* DataCardSheet.swift */,
				6A1B00032C00100100F10001 /* Models.swift */,
				6A1B00042C00100100F10001 /* SampleData.swift */,
				6A1B00052C00100100F10001 /* Assets.xcassets */,
				6A1B00062C00100100F10001 /* Preview Content */,
			);
			path = LabBuddy;
			sourceTree = "<group>";
		};
		6A1B03032C00100100F10001 /* Products */ = {
			isa = PBXGroup;
			children = (
				6A1B00072C00100100F10001 /* LabBuddy.app */,
			);
			name = Products;
			sourceTree = "<group>";
		};
/* End PBXGroup section */

/* Begin PBXNativeTarget section */
		6A1B04012C00100100F10001 /* LabBuddy */ = {
			isa = PBXNativeTarget;
			buildConfigurationList = 6A1B08022C00100100F10001 /* Build configuration list for PBXNativeTarget "LabBuddy" */;
			buildPhases = (
				6A1B05012C00100100F10001 /* Sources */,
				6A1B02012C00100100F10001 /* Frameworks */,
				6A1B05022C00100100F10001 /* Resources */,
			);
			buildRules = (
			);
			dependencies = (
			);
			name = LabBuddy;
			productName = LabBuddy;
			productReference = 6A1B00072C00100100F10001 /* LabBuddy.app */;
			productType = "com.apple.product-type.application";
		};
/* End PBXNativeTarget section */

/* Begin PBXProject section */
		6A1B06012C00100100F10001 /* Project object */ = {
			isa = PBXProject;
			attributes = {
				BuildIndependentTargetsInParallel = 1;
				LastSwiftUpdateCheck = 1630;
				LastUpgradeCheck = 1630;
				TargetAttributes = {
					6A1B04012C00100100F10001 = {
						CreatedOnToolsVersion = 16.3;
					};
				};
			};
			buildConfigurationList = 6A1B08012C00100100F10001 /* Build configuration list for PBXProject "LabBuddy" */;
			compatibilityVersion = "Xcode 14.0";
			developmentRegion = en;
			hasScannedForEncodings = 0;
			knownRegions = (
				en,
				Base,
			);
			mainGroup = 6A1B03012C00100100F10001;
			productRefGroup = 6A1B03032C00100100F10001 /* Products */;
			projectDirPath = "";
			projectRoot = "";
			targets = (
				6A1B04012C00100100F10001 /* LabBuddy */,
			);
		};
/* End PBXProject section */

/* Begin PBXResourcesBuildPhase section */
		6A1B05022C00100100F10001 /* Resources */ = {
			isa = PBXResourcesBuildPhase;
			buildActionMask = 2147483647;
			files = (
				6A1B01052C00100100F10001 /* Assets.xcassets in Resources */,
			);
			runOnlyForDeploymentPostprocessing = 0;
		};
/* End PBXResourcesBuildPhase section */

/* Begin PBXSourcesBuildPhase section */
		6A1B05012C00100100F10001 /* Sources */ = {
			isa = PBXSourcesBuildPhase;
			buildActionMask = 2147483647;
			files = (
				6A1B01012C00100100F10001 /* LabBuddyApp.swift in Sources */,
				6A1B01022C00100100F10001 /* ContentView.swift in Sources */,
				0F7B0D7E109941AFB0F4FF6A /* ProtocolLibraryView.swift in Sources */,
				BD6975F2C2AC416BB6B8AB14 /* CalculatorToolkitView.swift in Sources */,
				8E689A33B58F4E7CA0A824A5 /* MyWorkspaceView.swift in Sources */,
				BD7006106FD14C458414A758 /* DataCardSheet.swift in Sources */,
				6A1B01032C00100100F10001 /* Models.swift in Sources */,
				6A1B01042C00100100F10001 /* SampleData.swift in Sources */,
			);
			runOnlyForDeploymentPostprocessing = 0;
		};
/* End PBXSourcesBuildPhase section */

/* Begin XCBuildConfiguration section */
		6A1B07012C00100100F10001 /* Debug */ = {
			isa = XCBuildConfiguration;
			buildSettings = {
				ALWAYS_SEARCH_USER_PATHS = NO;
				CLANG_ANALYZER_NONNULL = YES;
				CLANG_ANALYZER_NUMBER_OBJECT_CONVERSION = YES_AGGRESSIVE;
				CLANG_CXX_LANGUAGE_STANDARD = "gnu++20";
				CLANG_ENABLE_MODULES = YES;
				CLANG_ENABLE_OBJC_ARC = YES;
				CLANG_ENABLE_OBJC_WEAK = YES;
				CLANG_WARN_BLOCK_CAPTURE_AUTORELEASING = YES;
				CLANG_WARN_BOOL_CONVERSION = YES;
				CLANG_WARN_COMMA = YES;
				CLANG_WARN_CONSTANT_CONVERSION = YES;
				CLANG_WARN_DEPRECATED_OBJC_IMPLEMENTATIONS = YES;
				CLANG_WARN_DIRECT_OBJC_ISA_USAGE = YES_ERROR;
				CLANG_WARN_DOCUMENTATION_COMMENTS = YES;
				CLANG_WARN_EMPTY_BODY = YES;
				CLANG_WARN_ENUM_CONVERSION = YES;
				CLANG_WARN_INFINITE_RECURSION = YES;
				CLANG_WARN_INT_CONVERSION = YES;
				CLANG_WARN_NON_LITERAL_NULL_CONVERSION = YES;
				CLANG_WARN_OBJC_IMPLICIT_RETAIN_SELF = YES;
				CLANG_WARN_OBJC_LITERAL_CONVERSION = YES;
				CLANG_WARN_OBJC_ROOT_CLASS = YES_ERROR;
				CLANG_WARN_QUOTED_INCLUDE_IN_FRAMEWORK_HEADER = YES;
				CLANG_WARN_RANGE_LOOP_ANALYSIS = YES;
				CLANG_WARN_STRICT_PROTOTYPES = YES;
				CLANG_WARN_SUSPICIOUS_MOVE = YES;
				CLANG_WARN_UNGUARDED_AVAILABILITY = YES_AGGRESSIVE;
				CLANG_WARN_UNREACHABLE_CODE = YES;
				CLANG_WARN__DUPLICATE_METHOD_MATCH = YES;
				COPY_PHASE_STRIP = NO;
				DEBUG_INFORMATION_FORMAT = dwarf;
				ENABLE_STRICT_OBJC_MSGSEND = YES;
				ENABLE_TESTABILITY = YES;
				ENABLE_USER_SCRIPT_SANDBOXING = YES;
				GCC_C_LANGUAGE_STANDARD = gnu17;
				GCC_DYNAMIC_NO_PIC = NO;
				GCC_NO_COMMON_BLOCKS = YES;
				GCC_OPTIMIZATION_LEVEL = 0;
				GCC_PREPROCESSOR_DEFINITIONS = (
					"DEBUG=1",
					"$(inherited)",
				);
				GCC_WARN_64_TO_32_BIT_CONVERSION = YES;
				GCC_WARN_ABOUT_RETURN_TYPE = YES_ERROR;
				GCC_WARN_UNDECLARED_SELECTOR = YES;
				GCC_WARN_UNINITIALIZED_AUTOS = YES_AGGRESSIVE;
				GCC_WARN_UNUSED_FUNCTION = YES;
				GCC_WARN_UNUSED_VARIABLE = YES;
				IPHONEOS_DEPLOYMENT_TARGET = 17.0;
				LOCALIZATION_PREFERS_STRING_CATALOGS = YES;
				MTL_ENABLE_DEBUG_INFO = INCLUDE_SOURCE;
				MTL_FAST_MATH = YES;
				ONLY_ACTIVE_ARCH = YES;
				SDKROOT = iphoneos;
				SWIFT_ACTIVE_COMPILATION_CONDITIONS = "DEBUG $(inherited)";
				SWIFT_OPTIMIZATION_LEVEL = "-Onone";
			};
			name = Debug;
		};
		6A1B07022C00100100F10001 /* Release */ = {
			isa = XCBuildConfiguration;
			buildSettings = {
				ALWAYS_SEARCH_USER_PATHS = NO;
				CLANG_ANALYZER_NONNULL = YES;
				CLANG_ANALYZER_NUMBER_OBJECT_CONVERSION = YES_AGGRESSIVE;
				CLANG_CXX_LANGUAGE_STANDARD = "gnu++20";
				CLANG_ENABLE_MODULES = YES;
				CLANG_ENABLE_OBJC_ARC = YES;
				CLANG_ENABLE_OBJC_WEAK = YES;
				CLANG_WARN_BLOCK_CAPTURE_AUTORELEASING = YES;
				CLANG_WARN_BOOL_CONVERSION = YES;
				CLANG_WARN_COMMA = YES;
				CLANG_WARN_CONSTANT_CONVERSION = YES;
				CLANG_WARN_DEPRECATED_OBJC_IMPLEMENTATIONS = YES;
				CLANG_WARN_DIRECT_OBJC_ISA_USAGE = YES_ERROR;
				CLANG_WARN_DOCUMENTATION_COMMENTS = YES;
				CLANG_WARN_EMPTY_BODY = YES;
				CLANG_WARN_ENUM_CONVERSION = YES;
				CLANG_WARN_INFINITE_RECURSION = YES;
				CLANG_WARN_INT_CONVERSION = YES;
				CLANG_WARN_NON_LITERAL_NULL_CONVERSION = YES;
				CLANG_WARN_OBJC_IMPLICIT_RETAIN_SELF = YES;
				CLANG_WARN_OBJC_LITERAL_CONVERSION = YES;
				CLANG_WARN_OBJC_ROOT_CLASS = YES_ERROR;
				CLANG_WARN_QUOTED_INCLUDE_IN_FRAMEWORK_HEADER = YES;
				CLANG_WARN_RANGE_LOOP_ANALYSIS = YES;
				CLANG_WARN_STRICT_PROTOTYPES = YES;
				CLANG_WARN_SUSPICIOUS_MOVE = YES;
				CLANG_WARN_UNGUARDED_AVAILABILITY = YES_AGGRESSIVE;
				CLANG_WARN_UNREACHABLE_CODE = YES;
				CLANG_WARN__DUPLICATE_METHOD_MATCH = YES;
				COPY_PHASE_STRIP = NO;
				DEBUG_INFORMATION_FORMAT = "dwarf-with-dsym";
				ENABLE_NS_ASSERTIONS = NO;
				ENABLE_STRICT_OBJC_MSGSEND = YES;
				ENABLE_USER_SCRIPT_SANDBOXING = YES;
				GCC_C_LANGUAGE_STANDARD = gnu17;
				GCC_NO_COMMON_BLOCKS = YES;
				GCC_WARN_64_TO_32_BIT_CONVERSION = YES;
				GCC_WARN_ABOUT_RETURN_TYPE = YES_ERROR;
				GCC_WARN_UNDECLARED_SELECTOR = YES;
				GCC_WARN_UNINITIALIZED_AUTOS = YES_AGGRESSIVE;
				GCC_WARN_UNUSED_FUNCTION = YES;
				GCC_WARN_UNUSED_VARIABLE = YES;
				IPHONEOS_DEPLOYMENT_TARGET = 17.0;
				LOCALIZATION_PREFERS_STRING_CATALOGS = YES;
				MTL_ENABLE_DEBUG_INFO = NO;
				MTL_FAST_MATH = YES;
				SDKROOT = iphoneos;
				SWIFT_COMPILATION_MODE = wholemodule;
				VALIDATE_PRODUCT = YES;
			};
			name = Release;
		};
		6A1B07032C00100100F10001 /* Debug */ = {
			isa = XCBuildConfiguration;
			buildSettings = {
				ASSETCATALOG_COMPILER_ACCENT_COLOR_NAME = AccentColor;
				ASSETCATALOG_COMPILER_APPICON_NAME = AppIcon;
				CODE_SIGN_STYLE = Automatic;
				CURRENT_PROJECT_VERSION = 1;
				DEVELOPMENT_ASSET_PATHS = "\"LabBuddy/Preview Content\"";
				ENABLE_PREVIEWS = YES;
				GENERATE_INFOPLIST_FILE = YES;
				INFOPLIST_KEY_CFBundleDisplayName = LabBuddy;
				INFOPLIST_KEY_UILaunchScreen_Generation = YES;
				INFOPLIST_KEY_UISupportedInterfaceOrientations = UIInterfaceOrientationPortrait;
				INFOPLIST_KEY_UISupportedInterfaceOrientations_iPad = "UIInterfaceOrientationPortrait UIInterfaceOrientationPortraitUpsideDown UIInterfaceOrientationLandscapeLeft UIInterfaceOrientationLandscapeRight";
				LD_RUNPATH_SEARCH_PATHS = (
					"$(inherited)",
					"@executable_path/Frameworks",
				);
				MARKETING_VERSION = 0.1.0;
				PRODUCT_BUNDLE_IDENTIFIER = com.kongweikang.LabBuddy;
				PRODUCT_NAME = "$(TARGET_NAME)";
				SUPPORTED_PLATFORMS = "iphoneos iphonesimulator";
				SUPPORTS_MACCATALYST = NO;
				SWIFT_EMIT_LOC_STRINGS = YES;
				SWIFT_VERSION = 5.0;
				TARGETED_DEVICE_FAMILY = "1,2";
			};
			name = Debug;
		};
		6A1B07042C00100100F10001 /* Release */ = {
			isa = XCBuildConfiguration;
			buildSettings = {
				ASSETCATALOG_COMPILER_ACCENT_COLOR_NAME = AccentColor;
				ASSETCATALOG_COMPILER_APPICON_NAME = AppIcon;
				CODE_SIGN_STYLE = Automatic;
				CURRENT_PROJECT_VERSION = 1;
				DEVELOPMENT_ASSET_PATHS = "\"LabBuddy/Preview Content\"";
				ENABLE_PREVIEWS = YES;
				GENERATE_INFOPLIST_FILE = YES;
				INFOPLIST_KEY_CFBundleDisplayName = LabBuddy;
				INFOPLIST_KEY_UILaunchScreen_Generation = YES;
				INFOPLIST_KEY_UISupportedInterfaceOrientations = UIInterfaceOrientationPortrait;
				INFOPLIST_KEY_UISupportedInterfaceOrientations_iPad = "UIInterfaceOrientationPortrait UIInterfaceOrientationPortraitUpsideDown UIInterfaceOrientationLandscapeLeft UIInterfaceOrientationLandscapeRight";
				LD_RUNPATH_SEARCH_PATHS = (
					"$(inherited)",
					"@executable_path/Frameworks",
				);
				MARKETING_VERSION = 0.1.0;
				PRODUCT_BUNDLE_IDENTIFIER = com.kongweikang.LabBuddy;
				PRODUCT_NAME = "$(TARGET_NAME)";
				SUPPORTED_PLATFORMS = "iphoneos iphonesimulator";
				SUPPORTS_MACCATALYST = NO;
				SWIFT_EMIT_LOC_STRINGS = YES;
				SWIFT_VERSION = 5.0;
				TARGETED_DEVICE_FAMILY = "1,2";
			};
			name = Release;
		};
/* End XCBuildConfiguration section */

/* Begin XCConfigurationList section */
		6A1B08012C00100100F10001 /* Build configuration list for PBXProject "LabBuddy" */ = {
			isa = XCConfigurationList;
			buildConfigurations = (
				6A1B07012C00100100F10001 /* Debug */,
				6A1B07022C00100100F10001 /* Release */,
			);
			defaultConfigurationIsVisible = 0;
			defaultConfigurationName = Release;
		};
		6A1B08022C00100100F10001 /* Build configuration list for PBXNativeTarget "LabBuddy" */ = {
			isa = XCConfigurationList;
			buildConfigurations = (
				6A1B07032C00100100F10001 /* Debug */,
				6A1B07042C00100100F10001 /* Release */,
			);
			defaultConfigurationIsVisible = 0;
			defaultConfigurationName = Release;
		};
/* End XCConfigurationList section */
	};
	rootObject = 6A1B06012C00100100F10001 /* Project object */;
}
